{
  "name": "@botbus/irccloud",
  "requires": true,
  "lockfileVersion": 1,
  "dependencies": {
    "bytebuffer": {
      "version": "5.0.1",
      "resolved": "https://registry.npmjs.org/bytebuffer/-/bytebuffer-5.0.1.tgz",
      "integrity": "sha1-WC7qSxqHO20CCkjVjfhfC7ps/d0=",
      "requires": {
        "long": "~3"
      }
    },
    "irccloud": {
      "version": "1.2.0",
      "resolved": "https://registry.npmjs.org/irccloud/-/irccloud-1.2.0.tgz",
      "integrity": "sha512-BcgxHjeIGmAlBUgAM5HNUucgPbiALNViamcAs/5VGGAUlaGkBdWDw16UmeVxs7+B1r0HUyPgDkucQMxiuEgyxA==",
      "requires": {
        "websocket13": "^1.2.1"
      }
    },
    "long": {
      "version": "3.2.0",
      "resolved": "https://registry.npmjs.org/long/-/long-3.2.0.tgz",
      "integrity": "sha1-2CG3E4yhy1gcFymQ7xTbIAtcR0s="
    },
    "permessage-deflate": {
      "version": "0.1.7",
      "resolved": "https://registry.npmjs.org/permessage-deflate/-/permessage-deflate-0.1.7.tgz",
      "integrity": "sha512-EUNi/RIsyJ1P1u9QHFwMOUWMYetqlE22ZgGbad7YP856WF4BFF0B7DuNy6vEGsgNNud6c/SkdWzkne71hH8MjA==",
      "requires": {
        "safe-buffer": "*"
      }
    },
    "safe-buffer": {
      "version": "5.2.1",
      "resolved": "https://registry.npmjs.org/safe-buffer/-/safe-buffer-5.2.1.tgz",
      "integrity": "sha512-rp3So07KcdmmKbGvgaNxQSJr7bGVSVk5S9Eq1F+ppbRo70+YeaDxkw5Dd8NPN+GD6bjnYm2VuPuCXmpuYvmCXQ=="
    },
    "websocket-extensions": {
      "version": "0.1.4",
      "resolved": "https://registry.npmjs.org/websocket-extensions/-/websocket-extensions-0.1.4.tgz",
      "integrity": "sha512-OqedPIGOfsDlo31UNwYbCFMSaO9m9G/0faIHj5/dZFDMFqPTcx6UwqyOy3COEaEOg/9VsGIpdqn62W5KhoKSpg=="
    },
    "websocket13": {
      "version": "1.7.6",
      "resolved": "https://registry.npmjs.org/websocket13/-/websocket13-1.7.6.tgz",
      "integrity": "sha512-Uxc3E/nBWkGoKjMV2NQG9g2Tt6QpKUfO9DZcXcKYOVKg6aBUFgimzEf0dayu4fqwGOrXASAS4IB/PtcJrsW8LQ==",
      "requires": {
        "bytebuffer": "^5.0.1",
        "permessage-deflate": "^0.1.6",
        "websocket-extensions": "^0.1.2"
      }
    }
  },
  "version": "1.0.0"
}
